
Microsoft Visual Studio Solution File, Format Version 12.00
# Visual Studio Version 17
VisualStudioVersion = 17.8.34525.116
MinimumVisualStudioVersion = 10.0.40219.1
Project("{FAE04EC0-301F-11D3-BF4B-00C04F79EFBC}") = "231054", "231054\231054.csproj", "{22603600-2D26-4AA6-82DF-DC01E690CBE3}"
EndProject
Global
	GlobalSection(SolutionConfigurationPlatforms) = preSolution
		Debug|Any CPU = Debug|Any CPU
		Release|Any CPU = Release|Any CPU
	EndGlobalSection
	GlobalSection(ProjectConfigurationPlatforms) = postSolution
		{22603600-2D26-4AA6-82DF-DC01E690CBE3}.Debug|Any CPU.ActiveCfg = Debug|Any CPU
		{22603600-2D26-4AA6-82DF-DC01E690CBE3}.Debug|Any CPU.Build.0 = Debug|Any CPU
		{22603600-2D26-4AA6-82DF-DC01E690CBE3}.Release|Any CPU.ActiveCfg = Release|Any CPU
		{22603600-2D26-4AA6-82DF-DC01E690CBE3}.Release|Any CPU.Build.0 = Release|Any CPU
	EndGlobalSection
	GlobalSection(SolutionProperties) = preSolution
		HideSolutionNode = FALSE
	EndGlobalSection
	GlobalSection(ExtensibilityGlobals) = postSolution
		SolutionGuid = {A0F0F989-319E-4906-9EF9-72DA46FBFD88}
	EndGlobalSection
EndGlobal
